{
  "name": "falcon",
  "version": "0.0.0",
  "lockfileVersion": 2,
  "requires": true,
  "packages": {
    "": {
      "version": "0.0.0",
      "dependencies": {
        "vue": "^3.0.5"
      },
      "devDependencies": {
        "@vitejs/plugin-vue": "^1.1.5",
        "@vue/compiler-sfc": "^3.0.5",
        "typescript": "^4.1.3",
        "vite": "^2.0.5"
      }
    },
    "node_modules/@babel/helper-validator-identifier": {
      "version": "7.12.11",
      "resolved": "http://npm.vpgame.cn/@babel%2fhelper-validator-identifier/-/helper-validator-identifier-7.12.11.tgz",
      "integrity": "sha1-yaHwIZF9y1zPDU5FPjmQIpgfye0=",
      "license": "MIT"
    },
    "node_modules/@babel/parser": {
      "version": "7.13.9",
      "resolved": "http://npm.vpgame.cn/@babel%2fparser/-/parser-7.13.9.tgz",
      "integrity": "sha1-yjTLleHC3RJoY6hEZa6O9mEUvpk=",
      "license": "MIT",
      "bin": {
        "parser": "bin/babel-parser.js"
      },
      "engines": {
        "node": ">=6.0.0"
      }
    },
    "node_modules/@babel/types": {
      "version": "7.13.0",
      "resolved": "http://npm.vpgame.cn/@babel%2ftypes/-/types-7.13.0.tgz",
      "integrity": "sha1-dEJNKBbwFxtBAPCrNOmjdO/ff4A=",
      "license": "MIT",
      "dependencies": {
        "@babel/helper-validator-identifier": "^7.12.11",
        "lodash": "^4.17.19",
        "to-fast-properties": "^2.0.0"
      }
    },
    "node_modules/@vitejs/plugin-vue": {
      "version": "1.1.5",
      "resolved": "http://npm.vpgame.cn/@vitejs%2fplugin-vue/-/plugin-vue-1.1.5.tgz",
      "integrity": "sha1-+h6OXgScNeITZy4z9z/oFwatXb4=",
      "dev": true,
      "license": "MIT",
      "engines": {
        "node": ">=12.0.0"
      },
      "peerDependencies": {
        "@vue/compiler-sfc": "^3.0.6"
      }
    },
    "node_modules/@vue/compiler-core": {
      "version": "3.0.7",
      "resolved": "http://npm.vpgame.cn/@vue%2fcompiler-core/-/compiler-core-3.0.7.tgz",
      "integrity": "sha1-QheCpMZ8w/K3wwRX70RtdPhST3Q=",
      "license": "MIT",
      "dependencies": {
        "@babel/parser": "^7.12.0",
        "@babel/types": "^7.12.0",
        "@vue/shared": "3.0.7",
        "estree-walker": "^2.0.1",
        "source-map": "^0.6.1"
      }
    },
    "node_modules/@vue/compiler-dom": {
      "version": "3.0.7",
      "resolved": "http://npm.vpgame.cn/@vue%2fcompiler-dom/-/compiler-dom-3.0.7.tgz",
      "integrity": "sha1-VNLhL7mnr/U6vRnawsJnlTPwyRk=",
      "license": "MIT",
      "dependencies": {
        "@vue/compiler-core": "3.0.7",
        "@vue/shared": "3.0.7"
      }
    },
    "node_modules/@vue/compiler-sfc": {
      "version": "3.0.7",
      "resolved": "http://npm.vpgame.cn/@vue%2fcompiler-sfc/-/compiler-sfc-3.0.7.tgz",
      "integrity": "sha1-kAQUdQzHJlU7hwSQ9IBzRR/RTwc=",
      "dev": true,
      "license": "MIT",
      "dependencies": {
        "@babel/parser": "^7.12.0",
        "@babel/types": "^7.12.0",
        "@vue/compiler-core": "3.0.7",
        "@vue/compiler-dom": "3.0.7",
        "@vue/compiler-ssr": "3.0.7",
        "@vue/shared": "3.0.7",
        "consolidate": "^0.16.0",
        "estree-walker": "^2.0.1",
        "hash-sum": "^2.0.0",
        "lru-cache": "^5.1.1",
        "magic-string": "^0.25.7",
        "merge-source-map": "^1.1.0",
        "postcss": "^8.1.10",
        "postcss-modules": "^4.0.0",
        "postcss-selector-parser": "^6.0.4",
        "source-map": "^0.6.1"
      },
      "peerDependencies": {
        "vue": "3.0.7"
      }
    },
    "node_modules/@vue/compiler-ssr": {
      "version": "3.0.7",
      "resolved": "http://npm.vpgame.cn/@vue%2fcompiler-ssr/-/compiler-ssr-3.0.7.tgz",
      "integrity": "sha1-KLhdSXOB11/kQjQFexQLAGXKnb8=",
      "dev": true,
      "license": "MIT",
      "dependencies": {
        "@vue/compiler-dom": "3.0.7",
        "@vue/shared": "3.0.7"
      }
    },
    "node_modules/@vue/reactivity": {
      "version": "3.0.7",
      "resolved": "http://npm.vpgame.cn/@vue%2freactivity/-/reactivity-3.0.7.tgz",
      "integrity": "sha1-5szHvvf8ELCXLk2XS61xZ507Jq0=",
      "license": "MIT",
      "dependencies": {
        "@vue/shared": "3.0.7"
      }
    },
    "node_modules/@vue/runtime-core": {
      "version": "3.0.7",
      "resolved": "http://npm.vpgame.cn/@vue%2fruntime-core/-/runtime-core-3.0.7.tgz",
      "integrity": "sha1-1EwLClfX45KRKoc2KkQwzPRG7Oo=",
      "license": "MIT",
      "dependencies": {
        "@vue/reactivity": "3.0.7",
        "@vue/shared": "3.0.7"
      }
    },
    "node_modules/@vue/runtime-dom": {
      "version": "3.0.7",
      "resolved": "http://npm.vpgame.cn/@vue%2fruntime-dom/-/runtime-dom-3.0.7.tgz",
      "integrity": "sha1-twZo1ykCC8StYIwgNnIj8llXa6Y=",
      "license": "MIT",
      "dependencies": {
        "@vue/runtime-core": "3.0.7",
        "@vue/shared": "3.0.7",
        "csstype": "^2.6.8"
      }
    },
    "node_modules/@vue/shared": {
      "version": "3.0.7",
      "resolved": "http://npm.vpgame.cn/@vue%2fshared/-/shared-3.0.7.tgz",
      "integrity": "sha1-ltUpiO/AdETBCMfGgDunzJPkAEU=",
      "license": "MIT"
    },
    "node_modules/big.js": {
      "version": "5.2.2",
      "resolved": "http://npm.vpgame.cn/big.js/-/big.js-5.2.2.tgz",
      "integrity": "sha512-vyL2OymJxmarO8gxMr0mhChsO9QGwhynfuu4+MHTAW6czfq9humCB7rKpUjDd9YUiDPU4mzpyupFSvOClAwbmQ==",
      "dev": true,
      "license": "MIT",
      "engines": {
        "node": "*"
      }
    },
    "node_modules/bluebird": {
      "version": "3.7.2",
      "resolved": "http://npm.vpgame.cn/bluebird/-/bluebird-3.7.2.tgz",
      "integrity": "sha1-nyKcFb4nJFT/qXOs4NvueaGww28=",
      "dev": true,
      "license": "MIT"
    },
    "node_modules/colorette": {
      "version": "1.2.2",
      "resolved": "http://npm.vpgame.cn/colorette/-/colorette-1.2.2.tgz",
      "integrity": "sha1-y8x51emcrqLb8Q6zom/Ys+as+pQ=",
      "dev": true,
      "license": "MIT"
    },
    "node_modules/consolidate": {
      "version": "0.16.0",
      "resolved": "http://npm.vpgame.cn/consolidate/-/consolidate-0.16.0.tgz",
      "integrity": "sha1-oRhkdokw8vGUMWYKZZBmaPX73BY=",
      "dev": true,
      "license": "MIT",
      "dependencies": {
        "bluebird": "^3.7.2"
      },
      "engines": {
        "node": ">= 0.10.0"
      }
    },
    "node_modules/cssesc": {
      "version": "3.0.0",
      "resolved": "http://npm.vpgame.cn/cssesc/-/cssesc-3.0.0.tgz",
      "integrity": "sha1-N3QZGZA7hoVl4cCep0dEXNGJg+4=",
      "dev": true,
      "license": "MIT",
      "bin": {
        "cssesc": "bin/cssesc"
      },
      "engines": {
        "node": ">=4"
      }
    },
    "node_modules/csstype": {
      "version": "2.6.16",
      "resolved": "http://npm.vpgame.cn/csstype/-/csstype-2.6.16.tgz",
      "integrity": "sha1-VE1p9UcBO4WkDRW/912zjzT+nDk=",
      "license": "MIT"
    },
    "node_modules/emojis-list": {
      "version": "3.0.0",
      "resolved": "http://npm.vpgame.cn/emojis-list/-/emojis-list-3.0.0.tgz",
      "integrity": "sha512-/kyM18EfinwXZbno9FyUGeFh87KC8HRQBQGildHZbEuRyWFOmv1U10o9BBp8XVZDVNNuQKyIGIu5ZYAAXJ0V2Q==",
      "dev": true,
      "license": "MIT",
      "engines": {
        "node": ">= 4"
      }
    },
    "node_modules/esbuild": {
      "version": "0.8.54",
      "resolved": "http://npm.vpgame.cn/esbuild/-/esbuild-0.8.54.tgz",
      "integrity": "sha1-LzL/gOlcaaDyW3mddqJ8BeKFfN8=",
      "dev": true,
      "hasInstallScript": true,
      "license": "MIT",
      "bin": {
        "esbuild": "bin/esbuild"
      }
    },
    "node_modules/estree-walker": {
      "version": "2.0.2",
      "resolved": "http://npm.vpgame.cn/estree-walker/-/estree-walker-2.0.2.tgz",
      "integrity": "sha1-UvAQF4wqTBF6d1fP6UKtt9LaTKw=",
      "license": "MIT"
    },
    "node_modules/fsevents": {
      "version": "2.3.2",
      "resolved": "http://npm.vpgame.cn/fsevents/-/fsevents-2.3.2.tgz",
      "integrity": "sha1-ilJveLj99GI7cJ4Ll1xSwkwC/Ro=",
      "dev": true,
      "hasInstallScript": true,
      "license": "MIT",
      "optional": true,
      "os": [
        "darwin"
      ],
      "engines": {
        "node": "^8.16.0 || ^10.6.0 || >=11.0.0"
      }
    },
    "node_modules/function-bind": {
      "version": "1.1.1",
      "resolved": "http://npm.vpgame.cn/function-bind/-/function-bind-1.1.1.tgz",
      "integrity": "sha512-yIovAzMX49sF8Yl58fSCWJ5svSLuaibPxXQJFLmBObTuCr0Mf1KiPopGM9NiFjiYBCbfaa2Fh6breQ6ANVTI0A==",
      "dev": true,
      "license": "MIT"
    },
    "node_modules/generic-names": {
      "version": "2.0.1",
      "resolved": "http://npm.vpgame.cn/generic-names/-/generic-names-2.0.1.tgz",
      "integrity": "sha1-+KN46tLMqno08DF7BVVIMq5BuHI=",
      "dev": true,
      "license": "MIT",
      "dependencies": {
        "loader-utils": "^1.1.0"
      }
    },
    "node_modules/has": {
      "version": "1.0.3",
      "resolved": "http://npm.vpgame.cn/has/-/has-1.0.3.tgz",
      "integrity": "sha512-f2dvO0VU6Oej7RkWJGrehjbzMAjFp5/VKPp5tTpWIV4JHHZK1/BxbFRtf/siA2SWTe09caDmVtYYzWEIbBS4zw==",
      "dev": true,
      "license": "MIT",
      "dependencies": {
        "function-bind": "^1.1.1"
      },
      "engines": {
        "node": ">= 0.4.0"
      }
    },
    "node_modules/hash-sum": {
      "version": "2.0.0",
      "resolved": "http://npm.vpgame.cn/hash-sum/-/hash-sum-2.0.0.tgz",
      "integrity": "sha512-WdZTbAByD+pHfl/g9QSsBIIwy8IT+EsPiKDs0KNX+zSHhdDLFKdZu0BQHljvO+0QI/BasbMSUa8wYNCZTvhslg==",
      "dev": true,
      "license": "MIT"
    },
    "node_modules/icss-replace-symbols": {
      "version": "1.1.0",
      "resolved": "http://npm.vpgame.cn/icss-replace-symbols/-/icss-replace-symbols-1.1.0.tgz",
      "integrity": "sha1-Bupvg2ead0njhs/h/oEq5dsiPe0=",
      "dev": true,
      "license": "ISC"
    },
    "node_modules/icss-utils": {
      "version": "5.1.0",
      "resolved": "http://npm.vpgame.cn/icss-utils/-/icss-utils-5.1.0.tgz",
      "integrity": "sha1-xr5oWKvQE9do6YNmrkfiXViHsa4=",
      "dev": true,
      "license": "ISC",
      "engines": {
        "node": "^10 || ^12 || >= 14"
      },
      "peerDependencies": {
        "postcss": "^8.1.0"
      }
    },
    "node_modules/indexes-of": {
      "version": "1.0.1",
      "resolved": "http://npm.vpgame.cn/indexes-of/-/indexes-of-1.0.1.tgz",
      "integrity": "sha1-8w9xbI4r00bHtn0985FVZqfAVgc=",
      "dev": true,
      "license": "MIT"
    },
    "node_modules/is-core-module": {
      "version": "2.2.0",
      "resolved": "http://npm.vpgame.cn/is-core-module/-/is-core-module-2.2.0.tgz",
      "integrity": "sha1-lwN+89UiJNhRY/VZeytj2a/tmBo=",
      "dev": true,
      "license": "MIT",
      "dependencies": {
        "has": "^1.0.3"
      },
      "funding": {
        "url": "https://github.com/sponsors/ljharb"
      }
    },
    "node_modules/json5": {
      "version": "1.0.1",
      "resolved": "http://npm.vpgame.cn/json5/-/json5-1.0.1.tgz",
      "integrity": "sha512-aKS4WQjPenRxiQsC93MNfjx+nbF4PAdYzmd/1JIj8HYzqfbu86beTuNgXDzPknWk0n0uARlyewZo4s++ES36Ow==",
      "dev": true,
      "license": "MIT",
      "dependencies": {
        "minimist": "^1.2.0"
      },
      "bin": {
        "json5": "lib/cli.js"
      }
    },
    "node_modules/loader-utils": {
      "version": "1.4.0",
      "resolved": "http://npm.vpgame.cn/loader-utils/-/loader-utils-1.4.0.tgz",
      "integrity": "sha512-qH0WSMBtn/oHuwjy/NucEgbx5dbxxnxup9s4PVXJUDHZBQY+s0NWA9rJf53RBnQZxfch7euUui7hpoAPvALZdA==",
      "dev": true,
      "license": "MIT",
      "dependencies": {
        "big.js": "^5.2.2",
        "emojis-list": "^3.0.0",
        "json5": "^1.0.1"
      },
      "engines": {
        "node": ">=4.0.0"
      }
    },
    "node_modules/lodash": {
      "version": "4.17.21",
      "resolved": "http://npm.vpgame.cn/lodash/-/lodash-4.17.21.tgz",
      "integrity": "sha1-Z5WRxWTDv/quhFTPCz3zcMPWkRw=",
      "license": "MIT"
    },
    "node_modules/lodash.camelcase": {
      "version": "4.3.0",
      "resolved": "http://npm.vpgame.cn/lodash.camelcase/-/lodash.camelcase-4.3.0.tgz",
      "integrity": "sha1-soqmKIorn8ZRA1x3EfZathkDMaY=",
      "dev": true,
      "license": "MIT"
    },
    "node_modules/lru-cache": {
      "version": "5.1.1",
      "resolved": "http://npm.vpgame.cn/lru-cache/-/lru-cache-5.1.1.tgz",
      "integrity": "sha512-KpNARQA3Iwv+jTA0utUVVbrh+Jlrr1Fv0e56GGzAFOXN7dk/FviaDW8LHmK52DlcH4WP2n6gI8vN1aesBFgo9w==",
      "dev": true,
      "license": "ISC",
      "dependencies": {
        "yallist": "^3.0.2"
      }
    },
    "node_modules/magic-string": {
      "version": "0.25.7",
      "resolved": "http://npm.vpgame.cn/magic-string/-/magic-string-0.25.7.tgz",
      "integrity": "sha512-4CrMT5DOHTDk4HYDlzmwu4FVCcIYI8gauveasrdCu2IKIFOJ3f0v/8MDGJCDL9oD2ppz/Av1b0Nj345H9M+XIA==",
      "dev": true,
      "license": "MIT",
      "dependencies": {
        "sourcemap-codec": "^1.4.4"
      }
    },
    "node_modules/merge-source-map": {
      "version": "1.1.0",
      "resolved": "http://npm.vpgame.cn/merge-source-map/-/merge-source-map-1.1.0.tgz",
      "integrity": "sha512-Qkcp7P2ygktpMPh2mCQZaf3jhN6D3Z/qVZHSdWvQ+2Ef5HgRAPBO57A77+ENm0CPx2+1Ce/MYKi3ymqdfuqibw==",
      "dev": true,
      "license": "MIT",
      "dependencies": {
        "source-map": "^0.6.1"
      }
    },
    "node_modules/minimist": {
      "version": "1.2.5",
      "resolved": "http://npm.vpgame.cn/minimist/-/minimist-1.2.5.tgz",
      "integrity": "sha512-FM9nNUYrRBAELZQT3xeZQ7fmMOBg6nWNmJKTcgsJeaLstP/UODVpGsr5OhXhhXg6f+qtJ8uiZ+PUxkDWcgIXLw==",
      "dev": true,
      "license": "MIT"
    },
    "node_modules/nanoid": {
      "version": "3.1.20",
      "resolved": "http://npm.vpgame.cn/nanoid/-/nanoid-3.1.20.tgz",
      "integrity": "sha1-utwmPGsdzxS3HvqoX2q0wdbPx4g=",
      "dev": true,
      "license": "MIT",
      "bin": {
        "nanoid": "bin/nanoid.cjs"
      },
      "engines": {
        "node": "^10 || ^12 || ^13.7 || ^14 || >=15.0.1"
      }
    },
    "node_modules/path-parse": {
      "version": "1.0.6",
      "resolved": "http://npm.vpgame.cn/path-parse/-/path-parse-1.0.6.tgz",
      "integrity": "sha512-GSmOT2EbHrINBf9SR7CDELwlJ8AENk3Qn7OikK4nFYAu3Ote2+JYNVvkpAEQm3/TLNEJFD/xZJjzyxg3KBWOzw==",
      "dev": true,
      "license": "MIT"
    },
    "node_modules/postcss": {
      "version": "8.2.6",
      "resolved": "http://npm.vpgame.cn/postcss/-/postcss-8.2.6.tgz",
      "integrity": "sha1-XWmpdFQ7Rfh+RkvEw+OSqX1r6f4=",
      "dev": true,
      "license": "MIT",
      "dependencies": {
        "colorette": "^1.2.1",
        "nanoid": "^3.1.20",
        "source-map": "^0.6.1"
      },
      "engines": {
        "node": "^10 || ^12 || >=14"
      },
      "funding": {
        "type": "opencollective",
        "url": "https://opencollective.com/postcss/"
      }
    },
    "node_modules/postcss-modules": {
      "version": "4.0.0",
      "resolved": "http://npm.vpgame.cn/postcss-modules/-/postcss-modules-4.0.0.tgz",
      "integrity": "sha1-K8fydquI8/Gw+t9svXdy1DtfO5s=",
      "dev": true,
      "license": "MIT",
      "dependencies": {
        "generic-names": "^2.0.1",
        "icss-replace-symbols": "^1.1.0",
        "lodash.camelcase": "^4.3.0",
        "postcss-modules-extract-imports": "^3.0.0",
        "postcss-modules-local-by-default": "^4.0.0",
        "postcss-modules-scope": "^3.0.0",
        "postcss-modules-values": "^4.0.0",
        "string-hash": "^1.1.1"
      },
      "peerDependencies": {
        "postcss": "^8.0.0"
      }
    },
    "node_modules/postcss-modules-extract-imports": {
      "version": "3.0.0",
      "resolved": "http://npm.vpgame.cn/postcss-modules-extract-imports/-/postcss-modules-extract-imports-3.0.0.tgz",
      "integrity": "sha1-zaHwR8CugMl9vijD52pDuIAldB0=",
      "dev": true,
      "license": "ISC",
      "engines": {
        "node": "^10 || ^12 || >= 14"
      },
      "peerDependencies": {
        "postcss": "^8.1.0"
      }
    },
    "node_modules/postcss-modules-local-by-default": {
      "version": "4.0.0",
      "resolved": "http://npm.vpgame.cn/postcss-modules-local-by-default/-/postcss-modules-local-by-default-4.0.0.tgz",
      "integrity": "sha1-67tU+uFZjuz99pGgKz/zs5ClpRw=",
      "dev": true,
      "license": "MIT",
      "dependencies": {
        "icss-utils": "^5.0.0",
        "postcss-selector-parser": "^6.0.2",
        "postcss-value-parser": "^4.1.0"
      },
      "engines": {
        "node": "^10 || ^12 || >= 14"
      },
      "peerDependencies": {
        "postcss": "^8.1.0"
      }
    },
    "node_modules/postcss-modules-scope": {
      "version": "3.0.0",
      "resolved": "http://npm.vpgame.cn/postcss-modules-scope/-/postcss-modules-scope-3.0.0.tgz",
      "integrity": "sha1-nvMVFFbTu/oSDKRImN/Kby+gHwY=",
      "dev": true,
      "license": "ISC",
      "dependencies": {
        "postcss-selector-parser": "^6.0.4"
      },
      "engines": {
        "node": "^10 || ^12 || >= 14"
      },
      "peerDependencies": {
        "postcss": "^8.1.0"
      }
    },
    "node_modules/postcss-modules-values": {
      "version": "4.0.0",
      "resolved": "http://npm.vpgame.cn/postcss-modules-values/-/postcss-modules-values-4.0.0.tgz",
      "integrity": "sha1-18Xn5ow7s8myfL9Iyguz/7RgLJw=",
      "dev": true,
      "license": "ISC",
      "dependencies": {
        "icss-utils": "^5.0.0"
      },
      "engines": {
        "node": "^10 || ^12 || >= 14"
      },
      "peerDependencies": {
        "postcss": "^8.1.0"
      }
    },
    "node_modules/postcss-selector-parser": {
      "version": "6.0.4",
      "resolved": "http://npm.vpgame.cn/postcss-selector-parser/-/postcss-selector-parser-6.0.4.tgz",
      "integrity": "sha1-VgdaE4CgRgTDiwY+p3Z6Epr1wrM=",
      "dev": true,
      "license": "MIT",
      "dependencies": {
        "cssesc": "^3.0.0",
        "indexes-of": "^1.0.1",
        "uniq": "^1.0.1",
        "util-deprecate": "^1.0.2"
      },
      "engines": {
        "node": ">=4"
      }
    },
    "node_modules/postcss-value-parser": {
      "version": "4.1.0",
      "resolved": "http://npm.vpgame.cn/postcss-value-parser/-/postcss-value-parser-4.1.0.tgz",
      "integrity": "sha1-RD9qIM7WSBor2k+oUypuVdeJoss=",
      "dev": true,
      "license": "MIT"
    },
    "node_modules/resolve": {
      "version": "1.20.0",
      "resolved": "http://npm.vpgame.cn/resolve/-/resolve-1.20.0.tgz",
      "integrity": "sha1-YpoBP7P3B1XW8LeTXMHCxTeLGXU=",
      "dev": true,
      "license": "MIT",
      "dependencies": {
        "is-core-module": "^2.2.0",
        "path-parse": "^1.0.6"
      },
      "funding": {
        "url": "https://github.com/sponsors/ljharb"
      }
    },
    "node_modules/rollup": {
      "version": "2.40.0",
      "resolved": "http://npm.vpgame.cn/rollup/-/rollup-2.40.0.tgz",
      "integrity": "sha1-78IY6u3nq1kJVN9Q+WGVGImZwwQ=",
      "dev": true,
      "license": "MIT",
      "bin": {
        "rollup": "dist/bin/rollup"
      },
      "engines": {
        "node": ">=10.0.0"
      },
      "optionalDependencies": {
        "fsevents": "~2.3.1"
      }
    },
    "node_modules/source-map": {
      "version": "0.6.1",
      "resolved": "http://npm.vpgame.cn/source-map/-/source-map-0.6.1.tgz",
      "integrity": "sha512-UjgapumWlbMhkBgzT7Ykc5YXUT46F0iKu8SGXq0bcwP5dz/h0Plj6enJqjz1Zbq2l5WaqYnrVbwWOWMyF3F47g==",
      "license": "BSD-3-Clause",
      "engines": {
        "node": ">=0.10.0"
      }
    },
    "node_modules/sourcemap-codec": {
      "version": "1.4.8",
      "resolved": "http://npm.vpgame.cn/sourcemap-codec/-/sourcemap-codec-1.4.8.tgz",
      "integrity": "sha1-6oBL2UhXQC5pktBaOO8a41qatMQ=",
      "dev": true,
      "license": "MIT"
    },
    "node_modules/string-hash": {
      "version": "1.1.3",
      "resolved": "http://npm.vpgame.cn/string-hash/-/string-hash-1.1.3.tgz",
      "integrity": "sha1-6Kr8CsGFW0Zmkp7X3RJ1311sgRs=",
      "dev": true,
      "license": "CC0-1.0"
    },
    "node_modules/to-fast-properties": {
      "version": "2.0.0",
      "resolved": "http://npm.vpgame.cn/to-fast-properties/-/to-fast-properties-2.0.0.tgz",
      "integrity": "sha1-3F5pjL0HkmW8c+A3doGk5Og/YW4=",
      "license": "MIT",
      "engines": {
        "node": ">=4"
      }
    },
    "node_modules/typescript": {
      "version": "4.2.2",
      "resolved": "http://npm.vpgame.cn/typescript/-/typescript-4.2.2.tgz",
      "integrity": "sha1-FFDwIGGPhy2w6hcxfRbY2o3bjEw=",
      "dev": true,
      "license": "Apache-2.0",
      "bin": {
        "tsc": "bin/tsc",
        "tsserver": "bin/tsserver"
      },
      "engines": {
        "node": ">=4.2.0"
      }
    },
    "node_modules/uniq": {
      "version": "1.0.1",
      "resolved": "http://npm.vpgame.cn/uniq/-/uniq-1.0.1.tgz",
      "integrity": "sha1-sxxa6CVIRKOoKBVBzisEuGWnNP8=",
      "dev": true,
      "license": "MIT"
    },
    "node_modules/util-deprecate": {
      "version": "1.0.2",
      "resolved": "http://npm.vpgame.cn/util-deprecate/-/util-deprecate-1.0.2.tgz",
      "integrity": "sha1-RQ1Nyfpw3nMnYvvS1KKJgUGaDM8=",
      "dev": true,
      "license": "MIT"
    },
    "node_modules/vite": {
      "version": "2.0.5",
      "resolved": "http://npm.vpgame.cn/vite/-/vite-2.0.5.tgz",
      "integrity": "sha1-rEaFej+oaG0HeSHmG9SKmGkx3x0=",
      "dev": true,
      "license": "MIT",
      "dependencies": {
        "esbuild": "^0.8.52",
        "postcss": "^8.2.1",
        "resolve": "^1.19.0",
        "rollup": "^2.38.5"
      },
      "bin": {
        "vite": "bin/vite.js"
      },
      "engines": {
        "node": ">=12.0.0"
      },
      "optionalDependencies": {
        "fsevents": "~2.3.1"
      }
    },
    "node_modules/vue": {
      "version": "3.0.7",
      "resolved": "http://npm.vpgame.cn/vue/-/vue-3.0.7.tgz",
      "integrity": "sha1-i8/1H4vlcPnkzozF9S4qsP48dKE=",
      "license": "MIT",
      "dependencies": {
        "@vue/compiler-dom": "3.0.7",
        "@vue/runtime-dom": "3.0.7",
        "@vue/shared": "3.0.7"
      }
    },
    "node_modules/yallist": {
      "version": "3.1.1",
      "resolved": "http://npm.vpgame.cn/yallist/-/yallist-3.1.1.tgz",
      "integrity": "sha1-27fa+b/YusmrRev2ArjLrQ1dCP0=",
      "dev": true,
      "license": "ISC"
    }
  },
  "dependencies": {
    "@babel/helper-validator-identifier": {
      "version": "7.12.11",
      "resolved": "http://npm.vpgame.cn/@babel%2fhelper-validator-identifier/-/helper-validator-identifier-7.12.11.tgz",
      "integrity": "sha1-yaHwIZF9y1zPDU5FPjmQIpgfye0="
    },
    "@babel/parser": {
      "version": "7.13.9",
      "resolved": "http://npm.vpgame.cn/@babel%2fparser/-/parser-7.13.9.tgz",
      "integrity": "sha1-yjTLleHC3RJoY6hEZa6O9mEUvpk="
    },
    "@babel/types": {
      "version": "7.13.0",
      "resolved": "http://npm.vpgame.cn/@babel%2ftypes/-/types-7.13.0.tgz",
      "integrity": "sha1-dEJNKBbwFxtBAPCrNOmjdO/ff4A=",
      "requires": {
        "@babel/helper-validator-identifier": "^7.12.11",
        "lodash": "^4.17.19",
        "to-fast-properties": "^2.0.0"
      }
    },
    "@vitejs/plugin-vue": {
      "version": "1.1.5",
      "resolved": "http://npm.vpgame.cn/@vitejs%2fplugin-vue/-/plugin-vue-1.1.5.tgz",
      "integrity": "sha1-+h6OXgScNeITZy4z9z/oFwatXb4=",
      "dev": true,
      "requires": {}
    },
    "@vue/compiler-core": {
      "version": "3.0.7",
      "resolved": "http://npm.vpgame.cn/@vue%2fcompiler-core/-/compiler-core-3.0.7.tgz",
      "integrity": "sha1-QheCpMZ8w/K3wwRX70RtdPhST3Q=",
      "requires": {
        "@babel/parser": "^7.12.0",
        "@babel/types": "^7.12.0",
        "@vue/shared": "3.0.7",
        "estree-walker": "^2.0.1",
        "source-map": "^0.6.1"
      }
    },
    "@vue/compiler-dom": {
      "version": "3.0.7",
      "resolved": "http://npm.vpgame.cn/@vue%2fcompiler-dom/-/compiler-dom-3.0.7.tgz",
      "integrity": "sha1-VNLhL7mnr/U6vRnawsJnlTPwyRk=",
      "requires": {
        "@vue/compiler-core": "3.0.7",
        "@vue/shared": "3.0.7"
      }
    },
    "@vue/compiler-sfc": {
      "version": "3.0.7",
      "resolved": "http://npm.vpgame.cn/@vue%2fcompiler-sfc/-/compiler-sfc-3.0.7.tgz",
      "integrity": "sha1-kAQUdQzHJlU7hwSQ9IBzRR/RTwc=",
      "dev": true,
      "requires": {
        "@babel/parser": "^7.12.0",
        "@babel/types": "^7.12.0",
        "@vue/compiler-core": "3.0.7",
        "@vue/compiler-dom": "3.0.7",
        "@vue/compiler-ssr": "3.0.7",
        "@vue/shared": "3.0.7",
        "consolidate": "^0.16.0",
        "estree-walker": "^2.0.1",
        "hash-sum": "^2.0.0",
        "lru-cache": "^5.1.1",
        "magic-string": "^0.25.7",
        "merge-source-map": "^1.1.0",
        "postcss": "^8.1.10",
        "postcss-modules": "^4.0.0",
        "postcss-selector-parser": "^6.0.4",
        "source-map": "^0.6.1"
      }
    },
    "@vue/compiler-ssr": {
      "version": "3.0.7",
      "resolved": "http://npm.vpgame.cn/@vue%2fcompiler-ssr/-/compiler-ssr-3.0.7.tgz",
      "integrity": "sha1-KLhdSXOB11/kQjQFexQLAGXKnb8=",
      "dev": true,
      "requires": {
        "@vue/compiler-dom": "3.0.7",
        "@vue/shared": "3.0.7"
      }
    },
    "@vue/reactivity": {
      "version": "3.0.7",
      "resolved": "http://npm.vpgame.cn/@vue%2freactivity/-/reactivity-3.0.7.tgz",
      "integrity": "sha1-5szHvvf8ELCXLk2XS61xZ507Jq0=",
      "requires": {
        "@vue/shared": "3.0.7"
      }
    },
    "@vue/runtime-core": {
      "version": "3.0.7",
      "resolved": "http://npm.vpgame.cn/@vue%2fruntime-core/-/runtime-core-3.0.7.tgz",
      "integrity": "sha1-1EwLClfX45KRKoc2KkQwzPRG7Oo=",
      "requires": {
        "@vue/reactivity": "3.0.7",
        "@vue/shared": "3.0.7"
      }
    },
    "@vue/runtime-dom": {
      "version": "3.0.7",
      "resolved": "http://npm.vpgame.cn/@vue%2fruntime-dom/-/runtime-dom-3.0.7.tgz",
      "integrity": "sha1-twZo1ykCC8StYIwgNnIj8llXa6Y=",
      "requires": {
        "@vue/runtime-core": "3.0.7",
        "@vue/shared": "3.0.7",
        "csstype": "^2.6.8"
      }
    },
    "@vue/shared": {
      "version": "3.0.7",
      "resolved": "http://npm.vpgame.cn/@vue%2fshared/-/shared-3.0.7.tgz",
      "integrity": "sha1-ltUpiO/AdETBCMfGgDunzJPkAEU="
    },
    "big.js": {
      "version": "5.2.2",
      "resolved": "http://npm.vpgame.cn/big.js/-/big.js-5.2.2.tgz",
      "integrity": "sha512-vyL2OymJxmarO8gxMr0mhChsO9QGwhynfuu4+MHTAW6czfq9humCB7rKpUjDd9YUiDPU4mzpyupFSvOClAwbmQ==",
      "dev": true
    },
    "bluebird": {
      "version": "3.7.2",
      "resolved": "http://npm.vpgame.cn/bluebird/-/bluebird-3.7.2.tgz",
      "integrity": "sha1-nyKcFb4nJFT/qXOs4NvueaGww28=",
      "dev": true
    },
    "colorette": {
      "version": "1.2.2",
      "resolved": "http://npm.vpgame.cn/colorette/-/colorette-1.2.2.tgz",
      "integrity": "sha1-y8x51emcrqLb8Q6zom/Ys+as+pQ=",
      "dev": true
    },
    "consolidate": {
      "version": "0.16.0",
      "resolved": "http://npm.vpgame.cn/consolidate/-/consolidate-0.16.0.tgz",
      "integrity": "sha1-oRhkdokw8vGUMWYKZZBmaPX73BY=",
      "dev": true,
      "requires": {
        "bluebird": "^3.7.2"
      }
    },
    "cssesc": {
      "version": "3.0.0",
      "resolved": "http://npm.vpgame.cn/cssesc/-/cssesc-3.0.0.tgz",
      "integrity": "sha1-N3QZGZA7hoVl4cCep0dEXNGJg+4=",
      "dev": true
    },
    "csstype": {
      "version": "2.6.16",
      "resolved": "http://npm.vpgame.cn/csstype/-/csstype-2.6.16.tgz",
      "integrity": "sha1-VE1p9UcBO4WkDRW/912zjzT+nDk="
    },
    "emojis-list": {
      "version": "3.0.0",
      "resolved": "http://npm.vpgame.cn/emojis-list/-/emojis-list-3.0.0.tgz",
      "integrity": "sha512-/kyM18EfinwXZbno9FyUGeFh87KC8HRQBQGildHZbEuRyWFOmv1U10o9BBp8XVZDVNNuQKyIGIu5ZYAAXJ0V2Q==",
      "dev": true
    },
    "esbuild": {
      "version": "0.8.54",
      "resolved": "http://npm.vpgame.cn/esbuild/-/esbuild-0.8.54.tgz",
      "integrity": "sha1-LzL/gOlcaaDyW3mddqJ8BeKFfN8=",
      "dev": true
    },
    "estree-walker": {
      "version": "2.0.2",
      "resolved": "http://npm.vpgame.cn/estree-walker/-/estree-walker-2.0.2.tgz",
      "integrity": "sha1-UvAQF4wqTBF6d1fP6UKtt9LaTKw="
    },
    "fsevents": {
      "version": "2.3.2",
      "resolved": "http://npm.vpgame.cn/fsevents/-/fsevents-2.3.2.tgz",
      "integrity": "sha1-ilJveLj99GI7cJ4Ll1xSwkwC/Ro=",
      "dev": true,
      "optional": true
    },
    "function-bind": {
      "version": "1.1.1",
      "resolved": "http://npm.vpgame.cn/function-bind/-/function-bind-1.1.1.tgz",
      "integrity": "sha512-yIovAzMX49sF8Yl58fSCWJ5svSLuaibPxXQJFLmBObTuCr0Mf1KiPopGM9NiFjiYBCbfaa2Fh6breQ6ANVTI0A==",
      "dev": true
    },
    "generic-names": {
      "version": "2.0.1",
      "resolved": "http://npm.vpgame.cn/generic-names/-/generic-names-2.0.1.tgz",
      "integrity": "sha1-+KN46tLMqno08DF7BVVIMq5BuHI=",
      "dev": true,
      "requires": {
        "loader-utils": "^1.1.0"
      }
    },
    "has": {
      "version": "1.0.3",
      "resolved": "http://npm.vpgame.cn/has/-/has-1.0.3.tgz",
      "integrity": "sha512-f2dvO0VU6Oej7RkWJGrehjbzMAjFp5/VKPp5tTpWIV4JHHZK1/BxbFRtf/siA2SWTe09caDmVtYYzWEIbBS4zw==",
      "dev": true,
      "requires": {
        "function-bind": "^1.1.1"
      }
    },
    "hash-sum": {
      "version": "2.0.0",
      "resolved": "http://npm.vpgame.cn/hash-sum/-/hash-sum-2.0.0.tgz",
      "integrity": "sha512-WdZTbAByD+pHfl/g9QSsBIIwy8IT+EsPiKDs0KNX+zSHhdDLFKdZu0BQHljvO+0QI/BasbMSUa8wYNCZTvhslg==",
      "dev": true
    },
    "icss-replace-symbols": {
      "version": "1.1.0",
      "resolved": "http://npm.vpgame.cn/icss-replace-symbols/-/icss-replace-symbols-1.1.0.tgz",
      "integrity": "sha1-Bupvg2ead0njhs/h/oEq5dsiPe0=",
      "dev": true
    },
    "icss-utils": {
      "version": "5.1.0",
      "resolved": "http://npm.vpgame.cn/icss-utils/-/icss-utils-5.1.0.tgz",
      "integrity": "sha1-xr5oWKvQE9do6YNmrkfiXViHsa4=",
      "dev": true,
      "requires": {}
    },
    "indexes-of": {
      "version": "1.0.1",
      "resolved": "http://npm.vpgame.cn/indexes-of/-/indexes-of-1.0.1.tgz",
      "integrity": "sha1-8w9xbI4r00bHtn0985FVZqfAVgc=",
      "dev": true
    },
    "is-core-module": {
      "version": "2.2.0",
      "resolved": "http://npm.vpgame.cn/is-core-module/-/is-core-module-2.2.0.tgz",
      "integrity": "sha1-lwN+89UiJNhRY/VZeytj2a/tmBo=",
      "dev": true,
      "requires": {
        "has": "^1.0.3"
      }
    },
    "json5": {
      "version": "1.0.1",
      "resolved": "http://npm.vpgame.cn/json5/-/json5-1.0.1.tgz",
      "integrity": "sha512-aKS4WQjPenRxiQsC93MNfjx+nbF4PAdYzmd/1JIj8HYzqfbu86beTuNgXDzPknWk0n0uARlyewZo4s++ES36Ow==",
      "dev": true,
      "requires": {
        "minimist": "^1.2.0"
      }
    },
    "loader-utils": {
      "version": "1.4.0",
      "resolved": "http://npm.vpgame.cn/loader-utils/-/loader-utils-1.4.0.tgz",
      "integrity": "sha512-qH0WSMBtn/oHuwjy/NucEgbx5dbxxnxup9s4PVXJUDHZBQY+s0NWA9rJf53RBnQZxfch7euUui7hpoAPvALZdA==",
      "dev": true,
      "requires": {
        "big.js": "^5.2.2",
        "emojis-list": "^3.0.0",
        "json5": "^1.0.1"
      }
    },
    "lodash": {
      "version": "4.17.21",
      "resolved": "http://npm.vpgame.cn/lodash/-/lodash-4.17.21.tgz",
      "integrity": "sha1-Z5WRxWTDv/quhFTPCz3zcMPWkRw="
    },
    "lodash.camelcase": {
      "version": "4.3.0",
      "resolved": "http://npm.vpgame.cn/lodash.camelcase/-/lodash.camelcase-4.3.0.tgz",
      "integrity": "sha1-soqmKIorn8ZRA1x3EfZathkDMaY=",
      "dev": true
    },
    "lru-cache": {
      "version": "5.1.1",
      "resolved": "http://npm.vpgame.cn/lru-cache/-/lru-cache-5.1.1.tgz",
      "integrity": "sha512-KpNARQA3Iwv+jTA0utUVVbrh+Jlrr1Fv0e56GGzAFOXN7dk/FviaDW8LHmK52DlcH4WP2n6gI8vN1aesBFgo9w==",
      "dev": true,
      "requires": {
        "yallist": "^3.0.2"
      }
    },
    "magic-string": {
      "version": "0.25.7",
      "resolved": "http://npm.vpgame.cn/magic-string/-/magic-string-0.25.7.tgz",
      "integrity": "sha512-4CrMT5DOHTDk4HYDlzmwu4FVCcIYI8gauveasrdCu2IKIFOJ3f0v/8MDGJCDL9oD2ppz/Av1b0Nj345H9M+XIA==",
      "dev": true,
      "requires": {
        "sourcemap-codec": "^1.4.4"
      }
    },
    "merge-source-map": {
      "version": "1.1.0",
      "resolved": "http://npm.vpgame.cn/merge-source-map/-/merge-source-map-1.1.0.tgz",
      "integrity": "sha512-Qkcp7P2ygktpMPh2mCQZaf3jhN6D3Z/qVZHSdWvQ+2Ef5HgRAPBO57A77+ENm0CPx2+1Ce/MYKi3ymqdfuqibw==",
      "dev": true,
      "requires": {
        "source-map": "^0.6.1"
      }
    },
    "minimist": {
      "version": "1.2.5",
      "resolved": "http://npm.vpgame.cn/minimist/-/minimist-1.2.5.tgz",
      "integrity": "sha512-FM9nNUYrRBAELZQT3xeZQ7fmMOBg6nWNmJKTcgsJeaLstP/UODVpGsr5OhXhhXg6f+qtJ8uiZ+PUxkDWcgIXLw==",
      "dev": true
    },
    "nanoid": {
      "version": "3.1.20",
      "resolved": "http://npm.vpgame.cn/nanoid/-/nanoid-3.1.20.tgz",
      "integrity": "sha1-utwmPGsdzxS3HvqoX2q0wdbPx4g=",
      "dev": true
    },
    "path-parse": {
      "version": "1.0.6",
      "resolved": "http://npm.vpgame.cn/path-parse/-/path-parse-1.0.6.tgz",
      "integrity": "sha512-GSmOT2EbHrINBf9SR7CDELwlJ8AENk3Qn7OikK4nFYAu3Ote2+JYNVvkpAEQm3/TLNEJFD/xZJjzyxg3KBWOzw==",
      "dev": true
    },
    "postcss": {
      "version": "8.2.6",
      "resolved": "http://npm.vpgame.cn/postcss/-/postcss-8.2.6.tgz",
      "integrity": "sha1-XWmpdFQ7Rfh+RkvEw+OSqX1r6f4=",
      "dev": true,
      "requires": {
        "colorette": "^1.2.1",
        "nanoid": "^3.1.20",
        "source-map": "^0.6.1"
      }
    },
    "postcss-modules": {
      "version": "4.0.0",
      "resolved": "http://npm.vpgame.cn/postcss-modules/-/postcss-modules-4.0.0.tgz",
      "integrity": "sha1-K8fydquI8/Gw+t9svXdy1DtfO5s=",
      "dev": true,
      "requires": {
        "generic-names": "^2.0.1",
        "icss-replace-symbols": "^1.1.0",
        "lodash.camelcase": "^4.3.0",
        "postcss-modules-extract-imports": "^3.0.0",
        "postcss-modules-local-by-default": "^4.0.0",
        "postcss-modules-scope": "^3.0.0",
        "postcss-modules-values": "^4.0.0",
        "string-hash": "^1.1.1"
      }
    },
    "postcss-modules-extract-imports": {
      "version": "3.0.0",
      "resolved": "http://npm.vpgame.cn/postcss-modules-extract-imports/-/postcss-modules-extract-imports-3.0.0.tgz",
      "integrity": "sha1-zaHwR8CugMl9vijD52pDuIAldB0=",
      "dev": true,
      "requires": {}
    },
    "postcss-modules-local-by-default": {
      "version": "4.0.0",
      "resolved": "http://npm.vpgame.cn/postcss-modules-local-by-default/-/postcss-modules-local-by-default-4.0.0.tgz",
      "integrity": "sha1-67tU+uFZjuz99pGgKz/zs5ClpRw=",
      "dev": true,
      "requires": {
        "icss-utils": "^5.0.0",
        "postcss-selector-parser": "^6.0.2",
        "postcss-value-parser": "^4.1.0"
      }
    },
    "postcss-modules-scope": {
      "version": "3.0.0",
      "resolved": "http://npm.vpgame.cn/postcss-modules-scope/-/postcss-modules-scope-3.0.0.tgz",
      "integrity": "sha1-nvMVFFbTu/oSDKRImN/Kby+gHwY=",
      "dev": true,
      "requires": {
        "postcss-selector-parser": "^6.0.4"
      }
    },
    "postcss-modules-values": {
      "version": "4.0.0",
      "resolved": "http://npm.vpgame.cn/postcss-modules-values/-/postcss-modules-values-4.0.0.tgz",
      "integrity": "sha1-18Xn5ow7s8myfL9Iyguz/7RgLJw=",
      "dev": true,
      "requires": {
        "icss-utils": "^5.0.0"
      }
    },
    "postcss-selector-parser": {
      "version": "6.0.4",
      "resolved": "http://npm.vpgame.cn/postcss-selector-parser/-/postcss-selector-parser-6.0.4.tgz",
      "integrity": "sha1-VgdaE4CgRgTDiwY+p3Z6Epr1wrM=",
      "dev": true,
      "requires": {
        "cssesc": "^3.0.0",
        "indexes-of": "^1.0.1",
        "uniq": "^1.0.1",
        "util-deprecate": "^1.0.2"
      }
    },
    "postcss-value-parser": {
      "version": "4.1.0",
      "resolved": "http://npm.vpgame.cn/postcss-value-parser/-/postcss-value-parser-4.1.0.tgz",
      "integrity": "sha1-RD9qIM7WSBor2k+oUypuVdeJoss=",
      "dev": true
    },
    "resolve": {
      "version": "1.20.0",
      "resolved": "http://npm.vpgame.cn/resolve/-/resolve-1.20.0.tgz",
      "integrity": "sha1-YpoBP7P3B1XW8LeTXMHCxTeLGXU=",
      "dev": true,
      "requires": {
        "is-core-module": "^2.2.0",
        "path-parse": "^1.0.6"
      }
    },
    "rollup": {
      "version": "2.40.0",
      "resolved": "http://npm.vpgame.cn/rollup/-/rollup-2.40.0.tgz",
      "integrity": "sha1-78IY6u3nq1kJVN9Q+WGVGImZwwQ=",
      "dev": true,
      "requires": {
        "fsevents": "~2.3.1"
      }
    },
    "source-map": {
      "version": "0.6.1",
      "resolved": "http://npm.vpgame.cn/source-map/-/source-map-0.6.1.tgz",
      "integrity": "sha512-UjgapumWlbMhkBgzT7Ykc5YXUT46F0iKu8SGXq0bcwP5dz/h0Plj6enJqjz1Zbq2l5WaqYnrVbwWOWMyF3F47g=="
    },
    "sourcemap-codec": {
      "version": "1.4.8",
      "resolved": "http://npm.vpgame.cn/sourcemap-codec/-/sourcemap-codec-1.4.8.tgz",
      "integrity": "sha1-6oBL2UhXQC5pktBaOO8a41qatMQ=",
      "dev": true
    },
    "string-hash": {
      "version": "1.1.3",
      "resolved": "http://npm.vpgame.cn/string-hash/-/string-hash-1.1.3.tgz",
      "integrity": "sha1-6Kr8CsGFW0Zmkp7X3RJ1311sgRs=",
      "dev": true
    },
    "to-fast-properties": {
      "version": "2.0.0",
      "resolved": "http://npm.vpgame.cn/to-fast-properties/-/to-fast-properties-2.0.0.tgz",
      "integrity": "sha1-3F5pjL0HkmW8c+A3doGk5Og/YW4="
    },
    "typescript": {
      "version": "4.2.2",
      "resolved": "http://npm.vpgame.cn/typescript/-/typescript-4.2.2.tgz",
      "integrity": "sha1-FFDwIGGPhy2w6hcxfRbY2o3bjEw=",
      "dev": true
    },
    "uniq": {
      "version": "1.0.1",
      "resolved": "http://npm.vpgame.cn/uniq/-/uniq-1.0.1.tgz",
      "integrity": "sha1-sxxa6CVIRKOoKBVBzisEuGWnNP8=",
      "dev": true
    },
    "util-deprecate": {
      "version": "1.0.2",
      "resolved": "http://npm.vpgame.cn/util-deprecate/-/util-deprecate-1.0.2.tgz",
      "integrity": "sha1-RQ1Nyfpw3nMnYvvS1KKJgUGaDM8=",
      "dev": true
    },
    "vite": {
      "version": "2.0.5",
      "resolved": "http://npm.vpgame.cn/vite/-/vite-2.0.5.tgz",
      "integrity": "sha1-rEaFej+oaG0HeSHmG9SKmGkx3x0=",
      "dev": true,
      "requires": {
        "esbuild": "^0.8.52",
        "fsevents": "~2.3.1",
        "postcss": "^8.2.1",
        "resolve": "^1.19.0",
        "rollup": "^2.38.5"
      }
    },
    "vue": {
      "version": "3.0.7",
      "resolved": "http://npm.vpgame.cn/vue/-/vue-3.0.7.tgz",
      "integrity": "sha1-i8/1H4vlcPnkzozF9S4qsP48dKE=",
      "requires": {
        "@vue/compiler-dom": "3.0.7",
        "@vue/runtime-dom": "3.0.7",
        "@vue/shared": "3.0.7"
      }
    },
    "yallist": {
      "version": "3.1.1",
      "resolved": "http://npm.vpgame.cn/yallist/-/yallist-3.1.1.tgz",
      "integrity": "sha1-27fa+b/YusmrRev2ArjLrQ1dCP0=",
      "dev": true
    }
  }
}
