dependencies:
  vue: 3.0.7
devDependencies:
  '@vitejs/plugin-vue': 1.1.5_@vue+compiler-sfc@3.0.7
  '@vue/compiler-sfc': 3.0.7_vue@3.0.7
  typescript: 4.2.2
  vite: 2.0.5
lockfileVersion: 5.2
packages:
  /@babel/helper-validator-identifier/7.12.11:
    resolution:
      integrity: sha1-yaHwIZF9y1zPDU5FPjmQIpgfye0=
  /@babel/parser/7.13.9:
    engines:
      node: '>=6.0.0'
    hasBin: true
    resolution:
      integrity: sha1-yjTLleHC3RJoY6hEZa6O9mEUvpk=
  /@babel/types/7.13.0:
    dependencies:
      '@babel/helper-validator-identifier': 7.12.11
      lodash: 4.17.21
      to-fast-properties: 2.0.0
    resolution:
      integrity: sha1-dEJNKBbwFxtBAPCrNOmjdO/ff4A=
  /@vitejs/plugin-vue/1.1.5_@vue+compiler-sfc@3.0.7:
    dependencies:
      '@vue/compiler-sfc': 3.0.7_vue@3.0.7
    dev: true
    engines:
      node: '>=12.0.0'
    peerDependencies:
      '@vue/compiler-sfc': ^3.0.6
    resolution:
      integrity: sha1-+h6OXgScNeITZy4z9z/oFwatXb4=
  /@vue/compiler-core/3.0.7:
    dependencies:
      '@babel/parser': 7.13.9
      '@babel/types': 7.13.0
      '@vue/shared': 3.0.7
      estree-walker: 2.0.2
      source-map: 0.6.1
    resolution:
      integrity: sha1-QheCpMZ8w/K3wwRX70RtdPhST3Q=
  /@vue/compiler-dom/3.0.7:
    dependencies:
      '@vue/compiler-core': 3.0.7
      '@vue/shared': 3.0.7
    resolution:
      integrity: sha1-VNLhL7mnr/U6vRnawsJnlTPwyRk=
  /@vue/compiler-sfc/3.0.7_vue@3.0.7:
    dependencies:
      '@babel/parser': 7.13.9
      '@babel/types': 7.13.0
      '@vue/compiler-core': 3.0.7
      '@vue/compiler-dom': 3.0.7
      '@vue/compiler-ssr': 3.0.7
      '@vue/shared': 3.0.7
      consolidate: 0.16.0
      estree-walker: 2.0.2
      hash-sum: 2.0.0
      lru-cache: 5.1.1
      magic-string: 0.25.7
      merge-source-map: 1.1.0
      postcss: 8.2.6
      postcss-modules: 4.0.0_postcss@8.2.6
      postcss-selector-parser: 6.0.4
      source-map: 0.6.1
      vue: 3.0.7
    dev: true
    peerDependencies:
      vue: 3.0.7
    resolution:
      integrity: sha1-kAQUdQzHJlU7hwSQ9IBzRR/RTwc=
  /@vue/compiler-ssr/3.0.7:
    dependencies:
      '@vue/compiler-dom': 3.0.7
      '@vue/shared': 3.0.7
    dev: true
    resolution:
      integrity: sha1-KLhdSXOB11/kQjQFexQLAGXKnb8=
  /@vue/reactivity/3.0.7:
    dependencies:
      '@vue/shared': 3.0.7
    dev: false
    resolution:
      integrity: sha1-5szHvvf8ELCXLk2XS61xZ507Jq0=
  /@vue/runtime-core/3.0.7:
    dependencies:
      '@vue/reactivity': 3.0.7
      '@vue/shared': 3.0.7
    dev: false
    resolution:
      integrity: sha1-1EwLClfX45KRKoc2KkQwzPRG7Oo=
  /@vue/runtime-dom/3.0.7:
    dependencies:
      '@vue/runtime-core': 3.0.7
      '@vue/shared': 3.0.7
      csstype: 2.6.16
    dev: false
    resolution:
      integrity: sha1-twZo1ykCC8StYIwgNnIj8llXa6Y=
  /@vue/shared/3.0.7:
    resolution:
      integrity: sha1-ltUpiO/AdETBCMfGgDunzJPkAEU=
  /big.js/5.2.2:
    dev: true
    resolution:
      integrity: sha512-vyL2OymJxmarO8gxMr0mhChsO9QGwhynfuu4+MHTAW6czfq9humCB7rKpUjDd9YUiDPU4mzpyupFSvOClAwbmQ==
  /bluebird/3.7.2:
    dev: true
    resolution:
      integrity: sha1-nyKcFb4nJFT/qXOs4NvueaGww28=
  /colorette/1.2.2:
    dev: true
    resolution:
      integrity: sha1-y8x51emcrqLb8Q6zom/Ys+as+pQ=
  /consolidate/0.16.0:
    dependencies:
      bluebird: 3.7.2
    dev: true
    engines:
      node: '>= 0.10.0'
    resolution:
      integrity: sha1-oRhkdokw8vGUMWYKZZBmaPX73BY=
  /cssesc/3.0.0:
    dev: true
    engines:
      node: '>=4'
    hasBin: true
    resolution:
      integrity: sha1-N3QZGZA7hoVl4cCep0dEXNGJg+4=
  /csstype/2.6.16:
    dev: false
    resolution:
      integrity: sha1-VE1p9UcBO4WkDRW/912zjzT+nDk=
  /emojis-list/3.0.0:
    dev: true
    engines:
      node: '>= 4'
    resolution:
      integrity: sha512-/kyM18EfinwXZbno9FyUGeFh87KC8HRQBQGildHZbEuRyWFOmv1U10o9BBp8XVZDVNNuQKyIGIu5ZYAAXJ0V2Q==
  /esbuild/0.8.54:
    dev: true
    hasBin: true
    requiresBuild: true
    resolution:
      integrity: sha1-LzL/gOlcaaDyW3mddqJ8BeKFfN8=
  /estree-walker/2.0.2:
    resolution:
      integrity: sha1-UvAQF4wqTBF6d1fP6UKtt9LaTKw=
  /fsevents/2.3.2:
    dev: true
    engines:
      node: ^8.16.0 || ^10.6.0 || >=11.0.0
    optional: true
    os:
      - darwin
    resolution:
      integrity: sha1-ilJveLj99GI7cJ4Ll1xSwkwC/Ro=
  /function-bind/1.1.1:
    dev: true
    resolution:
      integrity: sha512-yIovAzMX49sF8Yl58fSCWJ5svSLuaibPxXQJFLmBObTuCr0Mf1KiPopGM9NiFjiYBCbfaa2Fh6breQ6ANVTI0A==
  /generic-names/2.0.1:
    dependencies:
      loader-utils: 1.4.0
    dev: true
    resolution:
      integrity: sha1-+KN46tLMqno08DF7BVVIMq5BuHI=
  /has/1.0.3:
    dependencies:
      function-bind: 1.1.1
    dev: true
    engines:
      node: '>= 0.4.0'
    resolution:
      integrity: sha512-f2dvO0VU6Oej7RkWJGrehjbzMAjFp5/VKPp5tTpWIV4JHHZK1/BxbFRtf/siA2SWTe09caDmVtYYzWEIbBS4zw==
  /hash-sum/2.0.0:
    dev: true
    resolution:
      integrity: sha512-WdZTbAByD+pHfl/g9QSsBIIwy8IT+EsPiKDs0KNX+zSHhdDLFKdZu0BQHljvO+0QI/BasbMSUa8wYNCZTvhslg==
  /icss-replace-symbols/1.1.0:
    dev: true
    resolution:
      integrity: sha1-Bupvg2ead0njhs/h/oEq5dsiPe0=
  /icss-utils/5.1.0_postcss@8.2.6:
    dependencies:
      postcss: 8.2.6
    dev: true
    engines:
      node: ^10 || ^12 || >= 14
    peerDependencies:
      postcss: ^8.1.0
    resolution:
      integrity: sha1-xr5oWKvQE9do6YNmrkfiXViHsa4=
  /indexes-of/1.0.1:
    dev: true
    resolution:
      integrity: sha1-8w9xbI4r00bHtn0985FVZqfAVgc=
  /is-core-module/2.2.0:
    dependencies:
      has: 1.0.3
    dev: true
    resolution:
      integrity: sha1-lwN+89UiJNhRY/VZeytj2a/tmBo=
  /json5/1.0.1:
    dependencies:
      minimist: 1.2.5
    dev: true
    hasBin: true
    resolution:
      integrity: sha512-aKS4WQjPenRxiQsC93MNfjx+nbF4PAdYzmd/1JIj8HYzqfbu86beTuNgXDzPknWk0n0uARlyewZo4s++ES36Ow==
  /loader-utils/1.4.0:
    dependencies:
      big.js: 5.2.2
      emojis-list: 3.0.0
      json5: 1.0.1
    dev: true
    engines:
      node: '>=4.0.0'
    resolution:
      integrity: sha512-qH0WSMBtn/oHuwjy/NucEgbx5dbxxnxup9s4PVXJUDHZBQY+s0NWA9rJf53RBnQZxfch7euUui7hpoAPvALZdA==
  /lodash.camelcase/4.3.0:
    dev: true
    resolution:
      integrity: sha1-soqmKIorn8ZRA1x3EfZathkDMaY=
  /lodash/4.17.21:
    resolution:
      integrity: sha1-Z5WRxWTDv/quhFTPCz3zcMPWkRw=
  /lru-cache/5.1.1:
    dependencies:
      yallist: 3.1.1
    dev: true
    resolution:
      integrity: sha512-KpNARQA3Iwv+jTA0utUVVbrh+Jlrr1Fv0e56GGzAFOXN7dk/FviaDW8LHmK52DlcH4WP2n6gI8vN1aesBFgo9w==
  /magic-string/0.25.7:
    dependencies:
      sourcemap-codec: 1.4.8
    dev: true
    resolution:
      integrity: sha512-4CrMT5DOHTDk4HYDlzmwu4FVCcIYI8gauveasrdCu2IKIFOJ3f0v/8MDGJCDL9oD2ppz/Av1b0Nj345H9M+XIA==
  /merge-source-map/1.1.0:
    dependencies:
      source-map: 0.6.1
    dev: true
    resolution:
      integrity: sha512-Qkcp7P2ygktpMPh2mCQZaf3jhN6D3Z/qVZHSdWvQ+2Ef5HgRAPBO57A77+ENm0CPx2+1Ce/MYKi3ymqdfuqibw==
  /minimist/1.2.5:
    dev: true
    resolution:
      integrity: sha512-FM9nNUYrRBAELZQT3xeZQ7fmMOBg6nWNmJKTcgsJeaLstP/UODVpGsr5OhXhhXg6f+qtJ8uiZ+PUxkDWcgIXLw==
  /nanoid/3.1.20:
    dev: true
    engines:
      node: ^10 || ^12 || ^13.7 || ^14 || >=15.0.1
    hasBin: true
    resolution:
      integrity: sha1-utwmPGsdzxS3HvqoX2q0wdbPx4g=
  /path-parse/1.0.6:
    dev: true
    resolution:
      integrity: sha512-GSmOT2EbHrINBf9SR7CDELwlJ8AENk3Qn7OikK4nFYAu3Ote2+JYNVvkpAEQm3/TLNEJFD/xZJjzyxg3KBWOzw==
  /postcss-modules-extract-imports/3.0.0_postcss@8.2.6:
    dependencies:
      postcss: 8.2.6
    dev: true
    engines:
      node: ^10 || ^12 || >= 14
    peerDependencies:
      postcss: ^8.1.0
    resolution:
      integrity: sha1-zaHwR8CugMl9vijD52pDuIAldB0=
  /postcss-modules-local-by-default/4.0.0_postcss@8.2.6:
    dependencies:
      icss-utils: 5.1.0_postcss@8.2.6
      postcss: 8.2.6
      postcss-selector-parser: 6.0.4
      postcss-value-parser: 4.1.0
    dev: true
    engines:
      node: ^10 || ^12 || >= 14
    peerDependencies:
      postcss: ^8.1.0
    resolution:
      integrity: sha1-67tU+uFZjuz99pGgKz/zs5ClpRw=
  /postcss-modules-scope/3.0.0_postcss@8.2.6:
    dependencies:
      postcss: 8.2.6
      postcss-selector-parser: 6.0.4
    dev: true
    engines:
      node: ^10 || ^12 || >= 14
    peerDependencies:
      postcss: ^8.1.0
    resolution:
      integrity: sha1-nvMVFFbTu/oSDKRImN/Kby+gHwY=
  /postcss-modules-values/4.0.0_postcss@8.2.6:
    dependencies:
      icss-utils: 5.1.0_postcss@8.2.6
      postcss: 8.2.6
    dev: true
    engines:
      node: ^10 || ^12 || >= 14
    peerDependencies:
      postcss: ^8.1.0
    resolution:
      integrity: sha1-18Xn5ow7s8myfL9Iyguz/7RgLJw=
  /postcss-modules/4.0.0_postcss@8.2.6:
    dependencies:
      generic-names: 2.0.1
      icss-replace-symbols: 1.1.0
      lodash.camelcase: 4.3.0
      postcss: 8.2.6
      postcss-modules-extract-imports: 3.0.0_postcss@8.2.6
      postcss-modules-local-by-default: 4.0.0_postcss@8.2.6
      postcss-modules-scope: 3.0.0_postcss@8.2.6
      postcss-modules-values: 4.0.0_postcss@8.2.6
      string-hash: 1.1.3
    dev: true
    peerDependencies:
      postcss: ^8.0.0
    resolution:
      integrity: sha1-K8fydquI8/Gw+t9svXdy1DtfO5s=
  /postcss-selector-parser/6.0.4:
    dependencies:
      cssesc: 3.0.0
      indexes-of: 1.0.1
      uniq: 1.0.1
      util-deprecate: 1.0.2
    dev: true
    engines:
      node: '>=4'
    resolution:
      integrity: sha1-VgdaE4CgRgTDiwY+p3Z6Epr1wrM=
  /postcss-value-parser/4.1.0:
    dev: true
    resolution:
      integrity: sha1-RD9qIM7WSBor2k+oUypuVdeJoss=
  /postcss/8.2.6:
    dependencies:
      colorette: 1.2.2
      nanoid: 3.1.20
      source-map: 0.6.1
    dev: true
    engines:
      node: ^10 || ^12 || >=14
    resolution:
      integrity: sha1-XWmpdFQ7Rfh+RkvEw+OSqX1r6f4=
  /resolve/1.20.0:
    dependencies:
      is-core-module: 2.2.0
      path-parse: 1.0.6
    dev: true
    resolution:
      integrity: sha1-YpoBP7P3B1XW8LeTXMHCxTeLGXU=
  /rollup/2.40.0:
    dev: true
    engines:
      node: '>=10.0.0'
    hasBin: true
    optionalDependencies:
      fsevents: 2.3.2
    resolution:
      integrity: sha1-78IY6u3nq1kJVN9Q+WGVGImZwwQ=
  /source-map/0.6.1:
    engines:
      node: '>=0.10.0'
    resolution:
      integrity: sha512-UjgapumWlbMhkBgzT7Ykc5YXUT46F0iKu8SGXq0bcwP5dz/h0Plj6enJqjz1Zbq2l5WaqYnrVbwWOWMyF3F47g==
  /sourcemap-codec/1.4.8:
    dev: true
    resolution:
      integrity: sha1-6oBL2UhXQC5pktBaOO8a41qatMQ=
  /string-hash/1.1.3:
    dev: true
    resolution:
      integrity: sha1-6Kr8CsGFW0Zmkp7X3RJ1311sgRs=
  /to-fast-properties/2.0.0:
    engines:
      node: '>=4'
    resolution:
      integrity: sha1-3F5pjL0HkmW8c+A3doGk5Og/YW4=
  /typescript/4.2.2:
    dev: true
    engines:
      node: '>=4.2.0'
    hasBin: true
    resolution:
      integrity: sha1-FFDwIGGPhy2w6hcxfRbY2o3bjEw=
  /uniq/1.0.1:
    dev: true
    resolution:
      integrity: sha1-sxxa6CVIRKOoKBVBzisEuGWnNP8=
  /util-deprecate/1.0.2:
    dev: true
    resolution:
      integrity: sha1-RQ1Nyfpw3nMnYvvS1KKJgUGaDM8=
  /vite/2.0.5:
    dependencies:
      esbuild: 0.8.54
      postcss: 8.2.6
      resolve: 1.20.0
      rollup: 2.40.0
    dev: true
    engines:
      node: '>=12.0.0'
    hasBin: true
    optionalDependencies:
      fsevents: 2.3.2
    resolution:
      integrity: sha1-rEaFej+oaG0HeSHmG9SKmGkx3x0=
  /vue/3.0.7:
    dependencies:
      '@vue/compiler-dom': 3.0.7
      '@vue/runtime-dom': 3.0.7
      '@vue/shared': 3.0.7
    dev: false
    resolution:
      integrity: sha1-i8/1H4vlcPnkzozF9S4qsP48dKE=
  /yallist/3.1.1:
    dev: true
    resolution:
      integrity: sha1-27fa+b/YusmrRev2ArjLrQ1dCP0=
specifiers:
  '@vitejs/plugin-vue': ^1.1.5
  '@vue/compiler-sfc': ^3.0.5
  typescript: ^4.1.3
  vite: ^2.0.5
  vue: ^3.0.5
